
Microsoft Visual Studio Solution File, Format Version 12.00
# Visual Studio Version 17
VisualStudioVersion = 17.4.33213.308
MinimumVisualStudioVersion = 10.0.40219.1
Project("{FAE04EC0-301F-11D3-BF4B-00C04F79EFBC}") = "FeedBUFapplicatie", "FeedBUFapplicatie\FeedBUFapplicatie.csproj", "{B8F896A5-2CA5-4464-873E-0CFFD565107C}"
EndProject
Global
	GlobalSection(SolutionConfigurationPlatforms) = preSolution
		Debug|Any CPU = Debug|Any CPU
		Release|Any CPU = Release|Any CPU
	EndGlobalSection
	GlobalSection(ProjectConfigurationPlatforms) = postSolution
		{B8F896A5-2CA5-4464-873E-0CFFD565107C}.Debug|Any CPU.ActiveCfg = Debug|Any CPU
		{B8F896A5-2CA5-4464-873E-0CFFD565107C}.Debug|Any CPU.Build.0 = Debug|Any CPU
		{B8F896A5-2CA5-4464-873E-0CFFD565107C}.Release|Any CPU.ActiveCfg = Release|Any CPU
		{B8F896A5-2CA5-4464-873E-0CFFD565107C}.Release|Any CPU.Build.0 = Release|Any CPU
	EndGlobalSection
	GlobalSection(SolutionProperties) = preSolution
		HideSolutionNode = FALSE
	EndGlobalSection
	GlobalSection(ExtensibilityGlobals) = postSolution
		SolutionGuid = {95AD6BAF-9F25-4C8A-9666-9DEDC105A1A7}
	EndGlobalSection
EndGlobal
